{
  "nodes": {
    "flake-utils": {
      "inputs": {
        "systems": "systems"
      },
      "locked": {
        "lastModified": 1701680307,
        "narHash": "sha256-kAuep2h5ajznlPMD9rnQyffWG8EM/C73lejGofXvdM8=",
        "owner": "numtide",
        "repo": "flake-utils",
        "rev": "4022d587cbbfd70fe950c1e2083a02621806a725",
        "type": "github"
      },
      "original": {
        "owner": "numtide",
        "repo": "flake-utils",
        "type": "github"
      }
    },
    "nixpkgs": {
      "locked": {
        "lastModified": 1701693815,
        "narHash": "sha256-7BkrXykVWfkn6+c1EhFA3ko4MLi3gVG0p9G96PNnKTM=",
        "owner": "nixos",
        "repo": "nixpkgs",
        "rev": "09ec6a0881e1a36c29d67497693a67a16f4da573",
        "type": "github"
      },
      "original": {
        "owner": "nixos",
        "ref": "nixpkgs-unstable",
        "repo": "nixpkgs",
        "type": "github"
      }
    },
    "root": {
      "inputs": {
        "flake-utils": "flake-utils",
        "nixpkgs": "nixpkgs",
        "tinygrad": "tinygrad"
      }
    },
    "systems": {
      "locked": {
        "lastModified": 1681028828,
        "narHash": "sha256-Vy1rq5AaRuLzOxct8nz4T6wlgyUR7zLU309k9mBC768=",
        "owner": "nix-systems",
        "repo": "default",
        "rev": "da67096a3b9bf56a91d16901293e51ba5b49a27e",
        "type": "github"
      },
      "original": {
        "owner": "nix-systems",
        "repo": "default",
        "type": "github"
      }
    },
    "tinygrad": {
      "flake": false,
      "locked": {
        "lastModified": 1701917824,
        "narHash": "sha256-mE63DK8GWqwHJ6N/cIN7NIMBfVEy/Q4U346EhtMiDlc=",
        "owner": "tinygrad",
        "repo": "tinygrad",
        "rev": "fd21eced74da41c747a31b5adcf64ca37c75a508",
        "type": "github"
      },
      "original": {
        "owner": "tinygrad",
        "repo": "tinygrad",
        "type": "github"
      }
    }
  },
  "root": "root",
  "version": 7
}
