{
  "nodes": {
    "flake-utils": {
      "inputs": {
        "systems": "systems"
      },
      "locked": {
        "lastModified": 1705309234,
        "narHash": "sha256-uNRRNRKmJyCRC/8y1RqBkqWBLM034y4qN7EprSdmgyA=",
        "owner": "numtide",
        "repo": "flake-utils",
        "rev": "1ef2e671c3b0c19053962c07dbda38332dcebf26",
        "type": "github"
      },
      "original": {
        "owner": "numtide",
        "repo": "flake-utils",
        "type": "github"
      }
    },
    "gpuctypes": {
      "flake": false,
      "locked": {
        "lastModified": 1704176579,
        "narHash": "sha256-PyzHGzFDLet0BasxKS9tkp36182Bu6JJvkXFbeHFmlI=",
        "owner": "tinygrad",
        "repo": "gpuctypes",
        "rev": "77b94adaf8e27fa5ef7caa0bdd949bd528576d4b",
        "type": "github"
      },
      "original": {
        "owner": "tinygrad",
        "repo": "gpuctypes",
        "type": "github"
      }
    },
    "nixpkgs": {
      "locked": {
        "lastModified": 1705635624,
        "narHash": "sha256-DU0schxQOtBNO1c9hUsgYl+QMOXQMfRT7Qw/mg+ayno=",
        "owner": "nixos",
        "repo": "nixpkgs",
        "rev": "4471857c0a4a8a0ffc7bdbeaf1b998746ce12a82",
        "type": "github"
      },
      "original": {
        "owner": "nixos",
        "ref": "nixpkgs-unstable",
        "repo": "nixpkgs",
        "type": "github"
      }
    },
    "root": {
      "inputs": {
        "flake-utils": "flake-utils",
        "gpuctypes": "gpuctypes",
        "nixpkgs": "nixpkgs",
        "tinygrad": "tinygrad"
      }
    },
    "systems": {
      "locked": {
        "lastModified": 1681028828,
        "narHash": "sha256-Vy1rq5AaRuLzOxct8nz4T6wlgyUR7zLU309k9mBC768=",
        "owner": "nix-systems",
        "repo": "default",
        "rev": "da67096a3b9bf56a91d16901293e51ba5b49a27e",
        "type": "github"
      },
      "original": {
        "owner": "nix-systems",
        "repo": "default",
        "type": "github"
      }
    },
    "tinygrad": {
      "flake": false,
      "locked": {
        "lastModified": 1705683326,
        "narHash": "sha256-64ucRSoLVUcn3xAB9AGcMi5gGqrmr1K9/ShO4qQXDfc=",
        "owner": "tinygrad",
        "repo": "tinygrad",
        "rev": "b2571d586cbd691f5bc3d531c6570b3c602299d7",
        "type": "github"
      },
      "original": {
        "owner": "tinygrad",
        "repo": "tinygrad",
        "type": "github"
      }
    }
  },
  "root": "root",
  "version": 7
}
